
Microsoft Visual Studio Solution File, Format Version 12.00
# Visual Studio Version 17
VisualStudioVersion = 17.9.34616.47
MinimumVisualStudioVersion = 10.0.40219.1
Project("{FAE04EC0-301F-11D3-BF4B-00C04F79EFBC}") = "Shop.API", "Shop.API\Shop.API.csproj", "{C5296F17-9DFA-4454-B5A8-A9F81D11534C}"
EndProject
Project("{FAE04EC0-301F-11D3-BF4B-00C04F79EFBC}") = "Shop.DAL", "Shop.DAL\Shop.DAL.csproj", "{A1CDEDB0-765D-41E5-8A1F-185C736FE87A}"
EndProject
Project("{FAE04EC0-301F-11D3-BF4B-00C04F79EFBC}") = "Shop.Web", "Shop.Web\Shop.Web.csproj", "{CD00E6F8-2AAC-4F5B-AFC4-D9025C10FAF6}"
EndProject
Global
	GlobalSection(SolutionConfigurationPlatforms) = preSolution
		Debug|Any CPU = Debug|Any CPU
		Release|Any CPU = Release|Any CPU
	EndGlobalSection
	GlobalSection(ProjectConfigurationPlatforms) = postSolution
		{C5296F17-9DFA-4454-B5A8-A9F81D11534C}.Debug|Any CPU.ActiveCfg = Debug|Any CPU
		{C5296F17-9DFA-4454-B5A8-A9F81D11534C}.Debug|Any CPU.Build.0 = Debug|Any CPU
		{C5296F17-9DFA-4454-B5A8-A9F81D11534C}.Release|Any CPU.ActiveCfg = Release|Any CPU
		{C5296F17-9DFA-4454-B5A8-A9F81D11534C}.Release|Any CPU.Build.0 = Release|Any CPU
		{A1CDEDB0-765D-41E5-8A1F-185C736FE87A}.Debug|Any CPU.ActiveCfg = Debug|Any CPU
		{A1CDEDB0-765D-41E5-8A1F-185C736FE87A}.Debug|Any CPU.Build.0 = Debug|Any CPU
		{A1CDEDB0-765D-41E5-8A1F-185C736FE87A}.Release|Any CPU.ActiveCfg = Release|Any CPU
		{A1CDEDB0-765D-41E5-8A1F-185C736FE87A}.Release|Any CPU.Build.0 = Release|Any CPU
		{CD00E6F8-2AAC-4F5B-AFC4-D9025C10FAF6}.Debug|Any CPU.ActiveCfg = Debug|Any CPU
		{CD00E6F8-2AAC-4F5B-AFC4-D9025C10FAF6}.Debug|Any CPU.Build.0 = Debug|Any CPU
		{CD00E6F8-2AAC-4F5B-AFC4-D9025C10FAF6}.Release|Any CPU.ActiveCfg = Release|Any CPU
		{CD00E6F8-2AAC-4F5B-AFC4-D9025C10FAF6}.Release|Any CPU.Build.0 = Release|Any CPU
	EndGlobalSection
	GlobalSection(SolutionProperties) = preSolution
		HideSolutionNode = FALSE
	EndGlobalSection
	GlobalSection(ExtensibilityGlobals) = postSolution
		SolutionGuid = {864F9347-AE62-41A9-8784-F457E9E17FCD}
	EndGlobalSection
EndGlobal
