
Microsoft Visual Studio Solution File, Format Version 12.00
# Visual Studio Version 17
VisualStudioVersion = 17.9.34607.119
MinimumVisualStudioVersion = 10.0.40219.1
Project("{FAE04EC0-301F-11D3-BF4B-00C04F79EFBC}") = "FietsAppHerstel", "FietsAppHerstel.csproj", "{DE4CF257-0775-47FB-8FE3-72975402C39B}"
EndProject
Global
	GlobalSection(SolutionConfigurationPlatforms) = preSolution
		Debug|Any CPU = Debug|Any CPU
		Release|Any CPU = Release|Any CPU
	EndGlobalSection
	GlobalSection(ProjectConfigurationPlatforms) = postSolution
		{DE4CF257-0775-47FB-8FE3-72975402C39B}.Debug|Any CPU.ActiveCfg = Debug|Any CPU
		{DE4CF257-0775-47FB-8FE3-72975402C39B}.Debug|Any CPU.Build.0 = Debug|Any CPU
		{DE4CF257-0775-47FB-8FE3-72975402C39B}.Release|Any CPU.ActiveCfg = Release|Any CPU
		{DE4CF257-0775-47FB-8FE3-72975402C39B}.Release|Any CPU.Build.0 = Release|Any CPU
	EndGlobalSection
	GlobalSection(SolutionProperties) = preSolution
		HideSolutionNode = FALSE
	EndGlobalSection
	GlobalSection(ExtensibilityGlobals) = postSolution
		SolutionGuid = {AA29D222-C87B-4213-835A-E374CBE23827}
	EndGlobalSection
EndGlobal
